{
  "requires": true,
  "lockfileVersion": 1,
  "dependencies": {
    "react-google-charts": {
      "version": "3.0.14",
      "resolved": "https://registry.npmjs.org/react-google-charts/-/react-google-charts-3.0.14.tgz",
      "integrity": "sha512-ZUHPlHbpLt4MxXi6kWp0KbPN1FAxDcF8wEoGFMJ/eJs4lElIaigmfKFMEaqjoC15nwmq8gAc/Rpbos0zaU4BMg==",
      "requires": {
        "react-load-script": "^0.0.6"
      }
    },
    "react-load-script": {
      "version": "0.0.6",
      "resolved": "https://registry.npmjs.org/react-load-script/-/react-load-script-0.0.6.tgz",
      "integrity": "sha512-aRGxDGP9VoLxcsaYvKWIW+LRrMOzz2eEcubTS4NvQPPugjk2VvMhow0wWTkSl7RxookomD1MwcP4l5UStg5ShQ=="
    }
  }
}
